<?xml version="1.0" encoding="utf-8"?>
<Project ToolsVersion="4.0" xmlns="http://schemas.microsoft.com/developer/msbuild/2003">
  <ItemGroup>
    <Filter Include="ソース ファイル">
      <UniqueIdentifier>{4FC737F1-C7A5-4376-A066-2A32D752A2FF}</UniqueIdentifier>
      <Extensions>cpp;c;cc;cxx;def;odl;idl;hpj;bat;asm;asmx</Extensions>
    </Filter>
    <Filter Include="ヘッダー ファイル">
      <UniqueIdentifier>{93995380-89BD-4b04-88EB-625FBE52EBFB}</UniqueIdentifier>
      <Extensions>h;hh;hpp;hxx;hm;inl;inc;xsd</Extensions>
    </Filter>
    <Filter Include="リソース ファイル">
      <UniqueIdentifier>{67DA6AB6-F800-4c08-8B7A-83BB121AAD01}</UniqueIdentifier>
      <Extensions>rc;ico;cur;bmp;dlg;rc2;rct;bin;rgs;gif;jpg;jpeg;jpe;resx;tiff;tif;png;wav;mfcribbon-ms</Extensions>
    </Filter>
    <Filter Include="ソース ファイル\pe">
      <UniqueIdentifier>{9fb7bfc7-3231-4e0d-9df0-6cfab36e80d6}</UniqueIdentifier>
    </Filter>
    <Filter Include="ソース ファイル\util">
      <UniqueIdentifier>{f70f35fe-f352-45c8-b348-4b092304eeb4}</UniqueIdentifier>
    </Filter>
    <Filter Include="ヘッダー ファイル\util">
      <UniqueIdentifier>{c07d53d1-da9b-4ee4-9fd1-1fa3bf7512f3}</UniqueIdentifier>
    </Filter>
    <Filter Include="ソース ファイル\test">
      <UniqueIdentifier>{d534b4df-f1b7-4201-b7a9-bff5cfa4707e}</UniqueIdentifier>
    </Filter>
  </ItemGroup>
  <ItemGroup>
    <Text Include="ReadMe.txt" />
  </ItemGroup>
  <ItemGroup>
    <ClInclude Include="stdafx.h">
      <Filter>ヘッダー ファイル</Filter>
    </ClInclude>
    <ClInclude Include="targetver.h">
      <Filter>ヘッダー ファイル</Filter>
    </ClInclude>
    <ClInclude Include="pe.h">
      <Filter>ヘッダー ファイル</Filter>
    </ClInclude>
    <ClInclude Include="trace.h">
      <Filter>ヘッダー ファイル</Filter>
    </ClInclude>
    <ClInclude Include="string_util.h">
      <Filter>ヘッダー ファイル\util</Filter>
    </ClInclude>
    <ClInclude Include="test.h">
      <Filter>ヘッダー ファイル</Filter>
    </ClInclude>
    <ClInclude Include="command.h">
      <Filter>ヘッダー ファイル</Filter>
    </ClInclude>
  </ItemGroup>
  <ItemGroup>
    <ClCompile Include="stdafx.cpp">
      <Filter>ソース ファイル</Filter>
    </ClCompile>
    <ClCompile Include="Deobfuscator.cpp">
      <Filter>ソース ファイル</Filter>
    </ClCompile>
    <ClCompile Include="pe_reader.cpp">
      <Filter>ソース ファイル\pe</Filter>
    </ClCompile>
    <ClCompile Include="pe_writer.cpp">
      <Filter>ソース ファイル\pe</Filter>
    </ClCompile>
    <ClCompile Include="pe_editor.cpp">
      <Filter>ソース ファイル\pe</Filter>
    </ClCompile>
    <ClCompile Include="trace_reader.cpp">
      <Filter>ソース ファイル</Filter>
    </ClCompile>
    <ClCompile Include="string_util.cpp">
      <Filter>ソース ファイル\util</Filter>
    </ClCompile>
    <ClCompile Include="test.cpp">
      <Filter>ソース ファイル\test</Filter>
    </ClCompile>
    <ClCompile Include="trace_analyzer.cpp">
      <Filter>ソース ファイル</Filter>
    </ClCompile>
    <ClCompile Include="command.cpp">
      <Filter>ソース ファイル\pe</Filter>
    </ClCompile>
    <ClCompile Include="trace.cpp">
      <Filter>ソース ファイル</Filter>
    </ClCompile>
  </ItemGroup>
  <ItemGroup>
    <None Include="ClassDiagram.cd" />
  </ItemGroup>
</Project>